{
    "version": 3,
    "terraform_version": "0.10.2",
    "serial": 6,
    "lineage": "3c5cef55-7f90-455c-b2c5-a713541d8f6d",
    "modules": [
        {
            "path": [
                "root"
            ],
            "outputs": {},
            "resources": {
                "aws_dynamodb_table.alby-dev": {
                    "type": "aws_dynamodb_table",
                    "depends_on": [],
                    "primary": {
                        "id": "ProductInfo",
                        "attributes": {
                            "arn": "arn:aws:dynamodb:eu-west-1:476542422870:table/ProductInfo",
                            "attribute.#": "3",
                            "attribute.1874072732.name": "Price",
                            "attribute.1874072732.type": "S",
                            "attribute.3206617783.name": "Name",
                            "attribute.3206617783.type": "S",
                            "attribute.3292831115.name": "Id",
                            "attribute.3292831115.type": "S",
                            "global_secondary_index.#": "1",
                            "global_secondary_index.3986263570.hash_key": "Price",
                            "global_secondary_index.3986263570.name": "PriceIndex",
                            "global_secondary_index.3986263570.non_key_attributes.#": "1",
                            "global_secondary_index.3986263570.non_key_attributes.0": "Id",
                            "global_secondary_index.3986263570.projection_type": "INCLUDE",
                            "global_secondary_index.3986263570.range_key": "Name",
                            "global_secondary_index.3986263570.read_capacity": "2",
                            "global_secondary_index.3986263570.write_capacity": "2",
                            "hash_key": "Id",
                            "id": "ProductInfo",
                            "local_secondary_index.#": "0",
                            "name": "ProductInfo",
                            "range_key": "Price",
                            "read_capacity": "2",
                            "tags.%": "2",
                            "tags.Environment": "dev",
                            "tags.Name": "alby-dev",
                            "ttl.#": "1",
                            "ttl.2557590691.attribute_name": "TimeToExist",
                            "ttl.2557590691.enabled": "false",
                            "write_capacity": "2"
                        },
                        "meta": {
                            "schema_version": "1"
                        },
                        "tainted": false
                    },
                    "deposed": [],
                    "provider": ""
                }
            },
            "depends_on": []
        }
    ]
}
